// !$*UTF8*$!
{
	archiveVersion = 1;
	classes = {
	};
	objectVersion = 48;
	objects = {

/* Begin PBXBuildFile section */
		0E189285202C8C5E0048D298 /* bean.png in Resources */ = {isa = PBXBuildFile; fileRef = 0E189284202C8C5E0048D298 /* bean.png */; };
		0E1AD7DF201F16DA00F73DBE /* FDCvVideoCamera.mm in Sources */ = {isa = PBXBuildFile; fileRef = 0E1AD7DE201F16DA00F73DBE /* FDCvVideoCamera.mm */; };
		0E1D52BC201BA15600C176EF /* toby.png in Resources */ = {isa = PBXBuildFile; fileRef = 0E1D52B9201BA15600C176EF /* toby.png */; };
		0E1D52BD201BA15600C176EF /* will.png in Resources */ = {isa = PBXBuildFile; fileRef = 0E1D52BA201BA15600C176EF /* will.png */; };
		0E1D52BE201BA15600C176EF /* cage.png in Resources */ = {isa = PBXBuildFile; fileRef = 0E1D52BB201BA15600C176EF /* cage.png */; };
		0E3A312E2025F89C00C3583F /* Sticker.m in Sources */ = {isa = PBXBuildFile; fileRef = 0E3A312D2025F89C00C3583F /* Sticker.m */; };
		0E3A31312025FBEE00C3583F /* StickerPool.m in Sources */ = {isa = PBXBuildFile; fileRef = 0E3A31302025FBEE00C3583F /* StickerPool.m */; };
		0E3A31352026038A00C3583F /* StickerCollectionViewCell.m in Sources */ = {isa = PBXBuildFile; fileRef = 0E3A31332026038A00C3583F /* StickerCollectionViewCell.m */; };
		0E3A31362026038A00C3583F /* StickerCollectionViewCell.xib in Resources */ = {isa = PBXBuildFile; fileRef = 0E3A31342026038A00C3583F /* StickerCollectionViewCell.xib */; };
		0E3A313A202625D300C3583F /* CaptureStickerViewController.mm in Sources */ = {isa = PBXBuildFile; fileRef = 0E3A3138202625D300C3583F /* CaptureStickerViewController.mm */; };
		0E3A313B202625D300C3583F /* CaptureStickerViewController.xib in Resources */ = {isa = PBXBuildFile; fileRef = 0E3A3139202625D300C3583F /* CaptureStickerViewController.xib */; };
		0E3A313F2026359900C3583F /* ConfirmStickerViewController.m in Sources */ = {isa = PBXBuildFile; fileRef = 0E3A313D2026359900C3583F /* ConfirmStickerViewController.m */; };
		0E3A31402026359900C3583F /* ConfirmStickerViewController.xib in Resources */ = {isa = PBXBuildFile; fileRef = 0E3A313E2026359900C3583F /* ConfirmStickerViewController.xib */; };
		0E42BC54201783F400C449DF /* AppDelegate.m in Sources */ = {isa = PBXBuildFile; fileRef = 0E42BC53201783F400C449DF /* AppDelegate.m */; };
		0E42BC5C201783F400C449DF /* Assets.xcassets in Resources */ = {isa = PBXBuildFile; fileRef = 0E42BC5B201783F400C449DF /* Assets.xcassets */; };
		0E42BC62201783F500C449DF /* main.m in Sources */ = {isa = PBXBuildFile; fileRef = 0E42BC61201783F500C449DF /* main.m */; };
		0E42BC72201784C800C449DF /* LiveVideoViewController.m in Sources */ = {isa = PBXBuildFile; fileRef = 0E42BC70201784C800C449DF /* LiveVideoViewController.m */; };
		0E42BC73201784C800C449DF /* LiveVideoViewController.xib in Resources */ = {isa = PBXBuildFile; fileRef = 0E42BC71201784C800C449DF /* LiveVideoViewController.xib */; };
		0E49EBED20271C7C00EB0553 /* UIImage+Utility.m in Sources */ = {isa = PBXBuildFile; fileRef = 0E49EBEC20271C7C00EB0553 /* UIImage+Utility.m */; };
		0E4C20F32017C14A00456104 /* FaceDetectorHelper.mm in Sources */ = {isa = PBXBuildFile; fileRef = 0E4C20F22017C14A00456104 /* FaceDetectorHelper.mm */; };
		0E550A1520282D7D004D46E6 /* FDCvPhotoCamera.mm in Sources */ = {isa = PBXBuildFile; fileRef = 0E550A1320282D7D004D46E6 /* FDCvPhotoCamera.mm */; };
		0E9F6B4D201A055B00FFE879 /* Launch Screen.storyboard in Resources */ = {isa = PBXBuildFile; fileRef = 0E9F6B4C201A055B00FFE879 /* Launch Screen.storyboard */; };
		0EBD966920198D9300109A48 /* haarcascade_frontalface_alt2.xml in Resources */ = {isa = PBXBuildFile; fileRef = 0EBD966820198D9300109A48 /* haarcascade_frontalface_alt2.xml */; };
		0EC105E52028AA3F00C1770E /* cage1.png in Resources */ = {isa = PBXBuildFile; fileRef = 0EC105E42028AA3F00C1770E /* cage1.png */; };
		0EC105E72028AB7E00C1770E /* will1.png in Resources */ = {isa = PBXBuildFile; fileRef = 0EC105E62028AB7E00C1770E /* will1.png */; };
		BFCFAE825FA9E6F2DDB2CE90 /* libPods-iOS-FaceDetection.a in Frameworks */ = {isa = PBXBuildFile; fileRef = D5F20A5E8F47C3620EFB5375 /* libPods-iOS-FaceDetection.a */; };
/* End PBXBuildFile section */

/* Begin PBXFileReference section */
		0E189284202C8C5E0048D298 /* bean.png */ = {isa = PBXFileReference; lastKnownFileType = image.png; path = bean.png; sourceTree = "<group>"; };
		0E1AD7DD201F16DA00F73DBE /* FDCvVideoCamera.h */ = {isa = PBXFileReference; lastKnownFileType = sourcecode.c.h; path = FDCvVideoCamera.h; sourceTree = "<group>"; };
		0E1AD7DE201F16DA00F73DBE /* FDCvVideoCamera.mm */ = {isa = PBXFileReference; lastKnownFileType = sourcecode.cpp.objcpp; path = FDCvVideoCamera.mm; sourceTree = "<group>"; };
		0E1D52B9201BA15600C176EF /* toby.png */ = {isa = PBXFileReference; lastKnownFileType = image.png; path = toby.png; sourceTree = "<group>"; };
		0E1D52BA201BA15600C176EF /* will.png */ = {isa = PBXFileReference; lastKnownFileType = image.png; path = will.png; sourceTree = "<group>"; };
		0E1D52BB201BA15600C176EF /* cage.png */ = {isa = PBXFileReference; lastKnownFileType = image.png; path = cage.png; sourceTree = "<group>"; };
		0E3A312C2025F89C00C3583F /* Sticker.h */ = {isa = PBXFileReference; lastKnownFileType = sourcecode.c.h; path = Sticker.h; sourceTree = "<group>"; };
		0E3A312D2025F89C00C3583F /* Sticker.m */ = {isa = PBXFileReference; lastKnownFileType = sourcecode.c.objc; path = Sticker.m; sourceTree = "<group>"; };
		0E3A312F2025FBEE00C3583F /* StickerPool.h */ = {isa = PBXFileReference; lastKnownFileType = sourcecode.c.h; path = StickerPool.h; sourceTree = "<group>"; };
		0E3A31302025FBEE00C3583F /* StickerPool.m */ = {isa = PBXFileReference; lastKnownFileType = sourcecode.c.objc; path = StickerPool.m; sourceTree = "<group>"; };
		0E3A31322026038A00C3583F /* StickerCollectionViewCell.h */ = {isa = PBXFileReference; lastKnownFileType = sourcecode.c.h; path = StickerCollectionViewCell.h; sourceTree = "<group>"; };
		0E3A31332026038A00C3583F /* StickerCollectionViewCell.m */ = {isa = PBXFileReference; lastKnownFileType = sourcecode.c.objc; path = StickerCollectionViewCell.m; sourceTree = "<group>"; };
		0E3A31342026038A00C3583F /* StickerCollectionViewCell.xib */ = {isa = PBXFileReference; lastKnownFileType = file.xib; path = StickerCollectionViewCell.xib; sourceTree = "<group>"; };
		0E3A3137202625D300C3583F /* CaptureStickerViewController.h */ = {isa = PBXFileReference; lastKnownFileType = sourcecode.c.h; path = CaptureStickerViewController.h; sourceTree = "<group>"; };
		0E3A3138202625D300C3583F /* CaptureStickerViewController.mm */ = {isa = PBXFileReference; lastKnownFileType = sourcecode.cpp.objcpp; path = CaptureStickerViewController.mm; sourceTree = "<group>"; };
		0E3A3139202625D300C3583F /* CaptureStickerViewController.xib */ = {isa = PBXFileReference; lastKnownFileType = file.xib; path = CaptureStickerViewController.xib; sourceTree = "<group>"; };
		0E3A313C2026359900C3583F /* ConfirmStickerViewController.h */ = {isa = PBXFileReference; lastKnownFileType = sourcecode.c.h; path = ConfirmStickerViewController.h; sourceTree = "<group>"; };
		0E3A313D2026359900C3583F /* ConfirmStickerViewController.m */ = {isa = PBXFileReference; lastKnownFileType = sourcecode.c.objc; path = ConfirmStickerViewController.m; sourceTree = "<group>"; };
		0E3A313E2026359900C3583F /* ConfirmStickerViewController.xib */ = {isa = PBXFileReference; lastKnownFileType = file.xib; path = ConfirmStickerViewController.xib; sourceTree = "<group>"; };
		0E42BC4F201783F400C449DF /* iOS-FaceDetection.app */ = {isa = PBXFileReference; explicitFileType = wrapper.application; includeInIndex = 0; path = "iOS-FaceDetection.app"; sourceTree = BUILT_PRODUCTS_DIR; };
		0E42BC52201783F400C449DF /* AppDelegate.h */ = {isa = PBXFileReference; lastKnownFileType = sourcecode.c.h; path = AppDelegate.h; sourceTree = "<group>"; };
		0E42BC53201783F400C449DF /* AppDelegate.m */ = {isa = PBXFileReference; lastKnownFileType = sourcecode.c.objc; path = AppDelegate.m; sourceTree = "<group>"; };
		0E42BC5B201783F400C449DF /* Assets.xcassets */ = {isa = PBXFileReference; lastKnownFileType = folder.assetcatalog; path = Assets.xcassets; sourceTree = "<group>"; };
		0E42BC60201783F500C449DF /* Info.plist */ = {isa = PBXFileReference; lastKnownFileType = text.plist.xml; path = Info.plist; sourceTree = "<group>"; };
		0E42BC61201783F500C449DF /* main.m */ = {isa = PBXFileReference; lastKnownFileType = sourcecode.c.objc; path = main.m; sourceTree = "<group>"; };
		0E42BC6F201784C800C449DF /* LiveVideoViewController.h */ = {isa = PBXFileReference; lastKnownFileType = sourcecode.c.h; path = LiveVideoViewController.h; sourceTree = "<group>"; };
		0E42BC70201784C800C449DF /* LiveVideoViewController.m */ = {isa = PBXFileReference; lastKnownFileType = sourcecode.c.objc; path = LiveVideoViewController.m; sourceTree = "<group>"; };
		0E42BC71201784C800C449DF /* LiveVideoViewController.xib */ = {isa = PBXFileReference; lastKnownFileType = file.xib; path = LiveVideoViewController.xib; sourceTree = "<group>"; };
		0E49EBEB20271C7C00EB0553 /* UIImage+Utility.h */ = {isa = PBXFileReference; fileEncoding = 4; lastKnownFileType = sourcecode.c.h; path = "UIImage+Utility.h"; sourceTree = "<group>"; };
		0E49EBEC20271C7C00EB0553 /* UIImage+Utility.m */ = {isa = PBXFileReference; fileEncoding = 4; lastKnownFileType = sourcecode.c.objc; path = "UIImage+Utility.m"; sourceTree = "<group>"; };
		0E4C20F12017C14A00456104 /* FaceDetectorHelper.h */ = {isa = PBXFileReference; fileEncoding = 4; lastKnownFileType = sourcecode.c.h; path = FaceDetectorHelper.h; sourceTree = "<group>"; };
		0E4C20F22017C14A00456104 /* FaceDetectorHelper.mm */ = {isa = PBXFileReference; fileEncoding = 4; lastKnownFileType = sourcecode.cpp.objcpp; path = FaceDetectorHelper.mm; sourceTree = "<group>"; };
		0E4C20F52017C16F00456104 /* iOS-FaceDetection-Prefix.pch */ = {isa = PBXFileReference; lastKnownFileType = sourcecode.c.h; path = "iOS-FaceDetection-Prefix.pch"; sourceTree = "<group>"; };
		0E550A1320282D7D004D46E6 /* FDCvPhotoCamera.mm */ = {isa = PBXFileReference; fileEncoding = 4; lastKnownFileType = sourcecode.cpp.objcpp; path = FDCvPhotoCamera.mm; sourceTree = "<group>"; };
		0E550A1420282D7D004D46E6 /* FDCvPhotoCamera.h */ = {isa = PBXFileReference; fileEncoding = 4; lastKnownFileType = sourcecode.c.h; path = FDCvPhotoCamera.h; sourceTree = "<group>"; };
		0E9F6B4C201A055B00FFE879 /* Launch Screen.storyboard */ = {isa = PBXFileReference; fileEncoding = 4; lastKnownFileType = file.storyboard; path = "Launch Screen.storyboard"; sourceTree = "<group>"; };
		0EBD966820198D9300109A48 /* haarcascade_frontalface_alt2.xml */ = {isa = PBXFileReference; fileEncoding = 4; lastKnownFileType = text.xml; path = haarcascade_frontalface_alt2.xml; sourceTree = "<group>"; };
		0EC105E42028AA3F00C1770E /* cage1.png */ = {isa = PBXFileReference; lastKnownFileType = image.png; path = cage1.png; sourceTree = "<group>"; };
		0EC105E62028AB7E00C1770E /* will1.png */ = {isa = PBXFileReference; lastKnownFileType = image.png; path = will1.png; sourceTree = "<group>"; };
		BDE1D70012D5771A6A7AE520 /* Pods-iOS-FaceDetection.release.xcconfig */ = {isa = PBXFileReference; includeInIndex = 1; lastKnownFileType = text.xcconfig; name = "Pods-iOS-FaceDetection.release.xcconfig"; path = "Pods/Target Support Files/Pods-iOS-FaceDetection/Pods-iOS-FaceDetection.release.xcconfig"; sourceTree = "<group>"; };
		D5F20A5E8F47C3620EFB5375 /* libPods-iOS-FaceDetection.a */ = {isa = PBXFileReference; explicitFileType = archive.ar; includeInIndex = 0; path = "libPods-iOS-FaceDetection.a"; sourceTree = BUILT_PRODUCTS_DIR; };
		E19DE1977129A08E6C243A09 /* Pods-iOS-FaceDetection.debug.xcconfig */ = {isa = PBXFileReference; includeInIndex = 1; lastKnownFileType = text.xcconfig; name = "Pods-iOS-FaceDetection.debug.xcconfig"; path = "Pods/Target Support Files/Pods-iOS-FaceDetection/Pods-iOS-FaceDetection.debug.xcconfig"; sourceTree = "<group>"; };
/* End PBXFileReference section */

/* Begin PBXFrameworksBuildPhase section */
		0E42BC4C201783F400C449DF /* Frameworks */ = {
			isa = PBXFrameworksBuildPhase;
			buildActionMask = 2147483647;
			files = (
			);
			runOnlyForDeploymentPostprocessing = 0;
		};
/* End PBXFrameworksBuildPhase section */

/* Begin PBXGroup section */
		0E1D52B7201B9CA200C176EF /* Resources */ = {
			isa = PBXGroup;
			children = (
				0E1D52B8201B9CAB00C176EF /* Images */,
			);
			path = Resources;
			sourceTree = "<group>";
		};
		0E1D52B8201B9CAB00C176EF /* Images */ = {
			isa = PBXGroup;
			children = (
				0E189284202C8C5E0048D298 /* bean.png */,
				0EC105E42028AA3F00C1770E /* cage1.png */,
				0E1D52BB201BA15600C176EF /* cage.png */,
				0E1D52B9201BA15600C176EF /* toby.png */,
				0EC105E62028AB7E00C1770E /* will1.png */,
				0E1D52BA201BA15600C176EF /* will.png */,
			);
			path = Images;
			sourceTree = "<group>";
		};
		0E3A312B2025F85500C3583F /* Data Model */ = {
			isa = PBXGroup;
			children = (
				0E3A312C2025F89C00C3583F /* Sticker.h */,
				0E3A312D2025F89C00C3583F /* Sticker.m */,
				0E3A312F2025FBEE00C3583F /* StickerPool.h */,
				0E3A31302025FBEE00C3583F /* StickerPool.m */,
			);
			path = "Data Model";
			sourceTree = "<group>";
		};
		0E42BC46201783F400C449DF = {
			isa = PBXGroup;
			children = (
				0E42BC51201783F400C449DF /* iOS-FaceDetection */,
				0E42BC50201783F400C449DF /* Products */,
			);
			sourceTree = "<group>";
		};
		0E42BC50201783F400C449DF /* Products */ = {
			isa = PBXGroup;
			children = (
				0E42BC4F201783F400C449DF /* iOS-FaceDetection.app */,
			);
			name = Products;
			sourceTree = "<group>";
		};
		0E42BC51201783F400C449DF /* iOS-FaceDetection */ = {
			isa = PBXGroup;
			children = (
				0E49EBEA20271C6500EB0553 /* Utilities */,
				0E3A312B2025F85500C3583F /* Data Model */,
				0E1D52B7201B9CA200C176EF /* Resources */,
				0E4C20F42017C15A00456104 /* Supporting Files */,
				0E4C20F02017C12400456104 /* OpenCV Helper */,
				0E42BC6E201784B400C449DF /* ViewController */,
				0E42BC52201783F400C449DF /* AppDelegate.h */,
				0E42BC53201783F400C449DF /* AppDelegate.m */,
				0E42BC5B201783F400C449DF /* Assets.xcassets */,
				0E42BC60201783F500C449DF /* Info.plist */,
				0E42BC61201783F500C449DF /* main.m */,
			);
			path = "iOS-FaceDetection";
			sourceTree = "<group>";
		};
		0E42BC6E201784B400C449DF /* ViewController */ = {
			isa = PBXGroup;
			children = (
				0E42BC6F201784C800C449DF /* LiveVideoViewController.h */,
				0E42BC70201784C800C449DF /* LiveVideoViewController.m */,
				0E42BC71201784C800C449DF /* LiveVideoViewController.xib */,
				0E3A31322026038A00C3583F /* StickerCollectionViewCell.h */,
				0E3A31332026038A00C3583F /* StickerCollectionViewCell.m */,
				0E3A31342026038A00C3583F /* StickerCollectionViewCell.xib */,
				0E3A3137202625D300C3583F /* CaptureStickerViewController.h */,
				0E3A3138202625D300C3583F /* CaptureStickerViewController.mm */,
				0E3A3139202625D300C3583F /* CaptureStickerViewController.xib */,
				0E3A313C2026359900C3583F /* ConfirmStickerViewController.h */,
				0E3A313D2026359900C3583F /* ConfirmStickerViewController.m */,
				0E3A313E2026359900C3583F /* ConfirmStickerViewController.xib */,
			);
			path = ViewController;
			sourceTree = "<group>";
		};
		0E49EBEA20271C6500EB0553 /* Utilities */ = {
			isa = PBXGroup;
			children = (
				0E49EBEB20271C7C00EB0553 /* UIImage+Utility.h */,
				0E49EBEC20271C7C00EB0553 /* UIImage+Utility.m */,
			);
			path = Utilities;
			sourceTree = "<group>";
		};
		0E4C20F02017C12400456104 /* OpenCV Helper */ = {
			isa = PBXGroup;
			children = (
				0E550A1420282D7D004D46E6 /* FDCvPhotoCamera.h */,
				0E550A1320282D7D004D46E6 /* FDCvPhotoCamera.mm */,
				0E4C20F12017C14A00456104 /* FaceDetectorHelper.h */,
				0E4C20F22017C14A00456104 /* FaceDetectorHelper.mm */,
				0E1AD7DD201F16DA00F73DBE /* FDCvVideoCamera.h */,
				0E1AD7DE201F16DA00F73DBE /* FDCvVideoCamera.mm */,
			);
			path = "OpenCV Helper";
			sourceTree = "<group>";
		};
		0E4C20F42017C15A00456104 /* Supporting Files */ = {
			isa = PBXGroup;
			children = (
				0E9F6B4C201A055B00FFE879 /* Launch Screen.storyboard */,
				0EBD966820198D9300109A48 /* haarcascade_frontalface_alt2.xml */,
				0E4C20F52017C16F00456104 /* iOS-FaceDetection-Prefix.pch */,
			);
			path = "Supporting Files";
			sourceTree = "<group>";
		};
/* End PBXGroup section */

/* Begin PBXNativeTarget section */
		0E42BC4E201783F400C449DF /* iOS-FaceDetection */ = {
			isa = PBXNativeTarget;
			buildConfigurationList = 0E42BC65201783F500C449DF /* Build configuration list for PBXNativeTarget "iOS-FaceDetection" */;
			buildPhases = (
				0E42BC4B201783F400C449DF /* Sources */,
				0E42BC4C201783F400C449DF /* Frameworks */,
				0E42BC4D201783F400C449DF /* Resources */,
			);
			buildRules = (
			);
			dependencies = (
			);
			name = "iOS-FaceDetection";
			productName = "iOS-FaceDetection";
			productReference = 0E42BC4F201783F400C449DF /* iOS-FaceDetection.app */;
			productType = "com.apple.product-type.application";
		};
/* End PBXNativeTarget section */

/* Begin PBXProject section */
		0E42BC47201783F400C449DF /* Project object */ = {
			isa = PBXProject;
			attributes = {
				LastUpgradeCheck = 0920;
				ORGANIZATIONNAME = "Tanjim Hossain";
				TargetAttributes = {
					0E42BC4E201783F400C449DF = {
						CreatedOnToolsVersion = 9.2;
						ProvisioningStyle = Manual;
					};
				};
			};
			buildConfigurationList = 0E42BC4A201783F400C449DF /* Build configuration list for PBXProject "iOS-FaceDetection" */;
			compatibilityVersion = "Xcode 8.0";
			developmentRegion = en;
			hasScannedForEncodings = 0;
			knownRegions = (
				en,
				Base,
			);
			mainGroup = 0E42BC46201783F400C449DF;
			productRefGroup = 0E42BC50201783F400C449DF /* Products */;
			projectDirPath = "";
			projectRoot = "";
			targets = (
				0E42BC4E201783F400C449DF /* iOS-FaceDetection */,
			);
		};
/* End PBXProject section */

/* Begin PBXResourcesBuildPhase section */
		0E42BC4D201783F400C449DF /* Resources */ = {
			isa = PBXResourcesBuildPhase;
			buildActionMask = 2147483647;
			files = (
				0E3A313B202625D300C3583F /* CaptureStickerViewController.xib in Resources */,
				0EC105E72028AB7E00C1770E /* will1.png in Resources */,
				0E1D52BE201BA15600C176EF /* cage.png in Resources */,
				0E3A31402026359900C3583F /* ConfirmStickerViewController.xib in Resources */,
				0EBD966920198D9300109A48 /* haarcascade_frontalface_alt2.xml in Resources */,
				0E3A31362026038A00C3583F /* StickerCollectionViewCell.xib in Resources */,
				0E1D52BC201BA15600C176EF /* toby.png in Resources */,
				0E42BC73201784C800C449DF /* LiveVideoViewController.xib in Resources */,
				0E9F6B4D201A055B00FFE879 /* Launch Screen.storyboard in Resources */,
				0EC105E52028AA3F00C1770E /* cage1.png in Resources */,
				0E189285202C8C5E0048D298 /* bean.png in Resources */,
				0E42BC5C201783F400C449DF /* Assets.xcassets in Resources */,
				0E1D52BD201BA15600C176EF /* will.png in Resources */,
			);
			runOnlyForDeploymentPostprocessing = 0;
		};
/* End PBXResourcesBuildPhase section */

/* Begin PBXSourcesBuildPhase section */
		0E42BC4B201783F400C449DF /* Sources */ = {
			isa = PBXSourcesBuildPhase;
			buildActionMask = 2147483647;
			files = (
				0E3A313A202625D300C3583F /* CaptureStickerViewController.mm in Sources */,
				0E42BC62201783F500C449DF /* main.m in Sources */,
				0E3A31312025FBEE00C3583F /* StickerPool.m in Sources */,
				0E3A31352026038A00C3583F /* StickerCollectionViewCell.m in Sources */,
				0E550A1520282D7D004D46E6 /* FDCvPhotoCamera.mm in Sources */,
				0E42BC72201784C800C449DF /* LiveVideoViewController.m in Sources */,
				0E4C20F32017C14A00456104 /* FaceDetectorHelper.mm in Sources */,
				0E42BC54201783F400C449DF /* AppDelegate.m in Sources */,
				0E3A313F2026359900C3583F /* ConfirmStickerViewController.m in Sources */,
				0E1AD7DF201F16DA00F73DBE /* FDCvVideoCamera.mm in Sources */,
				0E49EBED20271C7C00EB0553 /* UIImage+Utility.m in Sources */,
				0E3A312E2025F89C00C3583F /* Sticker.m in Sources */,
			);
			runOnlyForDeploymentPostprocessing = 0;
		};
/* End PBXSourcesBuildPhase section */

/* Begin XCBuildConfiguration section */
		0E42BC63201783F500C449DF /* Debug */ = {
			isa = XCBuildConfiguration;
			buildSettings = {
				ALWAYS_SEARCH_USER_PATHS = NO;
				CLANG_ANALYZER_NONNULL = YES;
				CLANG_ANALYZER_NUMBER_OBJECT_CONVERSION = YES_AGGRESSIVE;
				CLANG_CXX_LANGUAGE_STANDARD = "gnu++14";
				CLANG_CXX_LIBRARY = "libc++";
				CLANG_ENABLE_MODULES = YES;
				CLANG_ENABLE_OBJC_ARC = YES;
				CLANG_WARN_BLOCK_CAPTURE_AUTORELEASING = YES;
				CLANG_WARN_BOOL_CONVERSION = YES;
				CLANG_WARN_COMMA = YES;
				CLANG_WARN_CONSTANT_CONVERSION = YES;
				CLANG_WARN_DIRECT_OBJC_ISA_USAGE = YES_ERROR;
				CLANG_WARN_DOCUMENTATION_COMMENTS = YES;
				CLANG_WARN_EMPTY_BODY = YES;
				CLANG_WARN_ENUM_CONVERSION = YES;
				CLANG_WARN_INFINITE_RECURSION = YES;
				CLANG_WARN_INT_CONVERSION = YES;
				CLANG_WARN_NON_LITERAL_NULL_CONVERSION = YES;
				CLANG_WARN_OBJC_LITERAL_CONVERSION = YES;
				CLANG_WARN_OBJC_ROOT_CLASS = YES_ERROR;
				CLANG_WARN_RANGE_LOOP_ANALYSIS = YES;
				CLANG_WARN_STRICT_PROTOTYPES = YES;
				CLANG_WARN_SUSPICIOUS_MOVE = YES;
				CLANG_WARN_UNGUARDED_AVAILABILITY = YES_AGGRESSIVE;
				CLANG_WARN_UNREACHABLE_CODE = YES;
				CLANG_WARN__DUPLICATE_METHOD_MATCH = YES;
				CODE_SIGN_IDENTITY = "iPhone Developer";
				COPY_PHASE_STRIP = NO;
				DEBUG_INFORMATION_FORMAT = dwarf;
				ENABLE_STRICT_OBJC_MSGSEND = YES;
				ENABLE_TESTABILITY = YES;
				GCC_C_LANGUAGE_STANDARD = gnu11;
				GCC_DYNAMIC_NO_PIC = NO;
				GCC_NO_COMMON_BLOCKS = YES;
				GCC_OPTIMIZATION_LEVEL = 0;
				GCC_PREPROCESSOR_DEFINITIONS = (
					"DEBUG=1",
					"$(inherited)",
				);
				GCC_WARN_64_TO_32_BIT_CONVERSION = YES;
				GCC_WARN_ABOUT_RETURN_TYPE = YES_ERROR;
				GCC_WARN_UNDECLARED_SELECTOR = YES;
				GCC_WARN_UNINITIALIZED_AUTOS = YES_AGGRESSIVE;
				GCC_WARN_UNUSED_FUNCTION = YES;
				GCC_WARN_UNUSED_VARIABLE = YES;
				IPHONEOS_DEPLOYMENT_TARGET = 11.2;
				MTL_ENABLE_DEBUG_INFO = YES;
				ONLY_ACTIVE_ARCH = YES;
				SDKROOT = iphoneos;
			};
			name = Debug;
		};
		0E42BC64201783F500C449DF /* Release */ = {
			isa = XCBuildConfiguration;
			buildSettings = {
				ALWAYS_SEARCH_USER_PATHS = NO;
				CLANG_ANALYZER_NONNULL = YES;
				CLANG_ANALYZER_NUMBER_OBJECT_CONVERSION = YES_AGGRESSIVE;
				CLANG_CXX_LANGUAGE_STANDARD = "gnu++14";
				CLANG_CXX_LIBRARY = "libc++";
				CLANG_ENABLE_MODULES = YES;
				CLANG_ENABLE_OBJC_ARC = YES;
				CLANG_WARN_BLOCK_CAPTURE_AUTORELEASING = YES;
				CLANG_WARN_BOOL_CONVERSION = YES;
				CLANG_WARN_COMMA = YES;
				CLANG_WARN_CONSTANT_CONVERSION = YES;
				CLANG_WARN_DIRECT_OBJC_ISA_USAGE = YES_ERROR;
				CLANG_WARN_DOCUMENTATION_COMMENTS = YES;
				CLANG_WARN_EMPTY_BODY = YES;
				CLANG_WARN_ENUM_CONVERSION = YES;
				CLANG_WARN_INFINITE_RECURSION = YES;
				CLANG_WARN_INT_CONVERSION = YES;
				CLANG_WARN_NON_LITERAL_NULL_CONVERSION = YES;
				CLANG_WARN_OBJC_LITERAL_CONVERSION = YES;
				CLANG_WARN_OBJC_ROOT_CLASS = YES_ERROR;
				CLANG_WARN_RANGE_LOOP_ANALYSIS = YES;
				CLANG_WARN_STRICT_PROTOTYPES = YES;
				CLANG_WARN_SUSPICIOUS_MOVE = YES;
				CLANG_WARN_UNGUARDED_AVAILABILITY = YES_AGGRESSIVE;
				CLANG_WARN_UNREACHABLE_CODE = YES;
				CLANG_WARN__DUPLICATE_METHOD_MATCH = YES;
				CODE_SIGN_IDENTITY = "iPhone Developer";
				COPY_PHASE_STRIP = NO;
				DEBUG_INFORMATION_FORMAT = "dwarf-with-dsym";
				ENABLE_NS_ASSERTIONS = NO;
				ENABLE_STRICT_OBJC_MSGSEND = YES;
				GCC_C_LANGUAGE_STANDARD = gnu11;
				GCC_NO_COMMON_BLOCKS = YES;
				GCC_WARN_64_TO_32_BIT_CONVERSION = YES;
				GCC_WARN_ABOUT_RETURN_TYPE = YES_ERROR;
				GCC_WARN_UNDECLARED_SELECTOR = YES;
				GCC_WARN_UNINITIALIZED_AUTOS = YES_AGGRESSIVE;
				GCC_WARN_UNUSED_FUNCTION = YES;
				GCC_WARN_UNUSED_VARIABLE = YES;
				IPHONEOS_DEPLOYMENT_TARGET = 11.2;
				MTL_ENABLE_DEBUG_INFO = NO;
				SDKROOT = iphoneos;
				VALIDATE_PRODUCT = YES;
			};
			name = Release;
		};
		0E42BC66201783F500C449DF /* Debug */ = {
			isa = XCBuildConfiguration;
			buildSettings = {
				ASSETCATALOG_COMPILER_APPICON_NAME = AppIcon;
				"CODE_SIGN_IDENTITY[sdk=iphoneos*]" = "iPhone Developer";
				CODE_SIGN_STYLE = Manual;
				DEVELOPMENT_TEAM = "";
				GCC_PRECOMPILE_PREFIX_HEADER = YES;
				GCC_PREFIX_HEADER = "$(PROJECT_NAME)/Supporting Files/iOS-FaceDetection-Prefix.pch";
				INFOPLIST_FILE = "iOS-FaceDetection/Info.plist";
				LD_RUNPATH_SEARCH_PATHS = "$(inherited) @executable_path/Frameworks";
				PRODUCT_BUNDLE_IDENTIFIER = "com.tanjimhossainsifat.iOS-FaceDetection";
				PRODUCT_NAME = "$(TARGET_NAME)";
				PROVISIONING_PROFILE_SPECIFIER = "";
				STRIP_PNG_TEXT = NO;
				TARGETED_DEVICE_FAMILY = "1,2";
			};
			name = Debug;
		};
		0E42BC67201783F500C449DF /* Release */ = {
			isa = XCBuildConfiguration;
			buildSettings = {
				ASSETCATALOG_COMPILER_APPICON_NAME = AppIcon;
				"CODE_SIGN_IDENTITY[sdk=iphoneos*]" = "iPhone Developer";
				CODE_SIGN_STYLE = Manual;
				DEVELOPMENT_TEAM = "";
				GCC_PRECOMPILE_PREFIX_HEADER = YES;
				GCC_PREFIX_HEADER = "$(PROJECT_NAME)/Supporting Files/iOS-FaceDetection-Prefix.pch";
				INFOPLIST_FILE = "iOS-FaceDetection/Info.plist";
				LD_RUNPATH_SEARCH_PATHS = "$(inherited) @executable_path/Frameworks";
				PRODUCT_BUNDLE_IDENTIFIER = "com.tanjimhossainsifat.iOS-FaceDetection";
				PRODUCT_NAME = "$(TARGET_NAME)";
				PROVISIONING_PROFILE_SPECIFIER = "";
				STRIP_PNG_TEXT = NO;
				TARGETED_DEVICE_FAMILY = "1,2";
			};
			name = Release;
		};
/* End XCBuildConfiguration section */

/* Begin XCConfigurationList section */
		0E42BC4A201783F400C449DF /* Build configuration list for PBXProject "iOS-FaceDetection" */ = {
			isa = XCConfigurationList;
			buildConfigurations = (
				0E42BC63201783F500C449DF /* Debug */,
				0E42BC64201783F500C449DF /* Release */,
			);
			defaultConfigurationIsVisible = 0;
			defaultConfigurationName = Release;
		};
		0E42BC65201783F500C449DF /* Build configuration list for PBXNativeTarget "iOS-FaceDetection" */ = {
			isa = XCConfigurationList;
			buildConfigurations = (
				0E42BC66201783F500C449DF /* Debug */,
				0E42BC67201783F500C449DF /* Release */,
			);
			defaultConfigurationIsVisible = 0;
			defaultConfigurationName = Release;
		};
/* End XCConfigurationList section */
	};
	rootObject = 0E42BC47201783F400C449DF /* Project object */;
}
